// !$*UTF8*$!
{
	archiveVersion = 1;
	classes = {
	};
	objectVersion = 50;
	objects = {

/* Begin PBXBuildFile section */
		838B3727218B5ECD007415D6 /* AppDelegate.swift in Sources */ = {isa = PBXBuildFile; fileRef = 838B3726218B5ECD007415D6 /* AppDelegate.swift */; };
		838B3729218B5ECD007415D6 /* ViewController.swift in Sources */ = {isa = PBXBuildFile; fileRef = 838B3728218B5ECD007415D6 /* ViewController.swift */; };
		838B372C218B5ECD007415D6 /* Main.storyboard in Resources */ = {isa = PBXBuildFile; fileRef = 838B372A218B5ECD007415D6 /* Main.storyboard */; };
		838B372E218B5ECE007415D6 /* Assets.xcassets in Resources */ = {isa = PBXBuildFile; fileRef = 838B372D218B5ECE007415D6 /* Assets.xcassets */; };
		838B3731218B5ECE007415D6 /* LaunchScreen.storyboard in Resources */ = {isa = PBXBuildFile; fileRef = 838B372F218B5ECE007415D6 /* LaunchScreen.storyboard */; };
		838B373C218B5ECE007415D6 /* SliderTests.swift in Sources */ = {isa = PBXBuildFile; fileRef = 838B373B218B5ECE007415D6 /* SliderTests.swift */; };
		838B3747218B5ECE007415D6 /* SliderUITests.swift in Sources */ = {isa = PBXBuildFile; fileRef = 838B3746218B5ECE007415D6 /* SliderUITests.swift */; };
/* End PBXBuildFile section */

/* Begin PBXContainerItemProxy section */
		838B3738218B5ECE007415D6 /* PBXContainerItemProxy */ = {
			isa = PBXContainerItemProxy;
			containerPortal = 838B371B218B5ECD007415D6 /* Project object */;
			proxyType = 1;
			remoteGlobalIDString = 838B3722218B5ECD007415D6;
			remoteInfo = Slider;
		};
		838B3743218B5ECE007415D6 /* PBXContainerItemProxy */ = {
			isa = PBXContainerItemProxy;
			containerPortal = 838B371B218B5ECD007415D6 /* Project object */;
			proxyType = 1;
			remoteGlobalIDString = 838B3722218B5ECD007415D6;
			remoteInfo = Slider;
		};
/* End PBXContainerItemProxy section */

/* Begin PBXFileReference section */
		838B3723218B5ECD007415D6 /* Slider.app */ = {isa = PBXFileReference; explicitFileType = wrapper.application; includeInIndex = 0; path = Slider.app; sourceTree = BUILT_PRODUCTS_DIR; };
		838B3726218B5ECD007415D6 /* AppDelegate.swift */ = {isa = PBXFileReference; lastKnownFileType = sourcecode.swift; path = AppDelegate.swift; sourceTree = "<group>"; };
		838B3728218B5ECD007415D6 /* ViewController.swift */ = {isa = PBXFileReference; lastKnownFileType = sourcecode.swift; path = ViewController.swift; sourceTree = "<group>"; };
		838B372B218B5ECD007415D6 /* Base */ = {isa = PBXFileReference; lastKnownFileType = file.storyboard; name = Base; path = Base.lproj/Main.storyboard; sourceTree = "<group>"; };
		838B372D218B5ECE007415D6 /* Assets.xcassets */ = {isa = PBXFileReference; lastKnownFileType = folder.assetcatalog; path = Assets.xcassets; sourceTree = "<group>"; };
		838B3730218B5ECE007415D6 /* Base */ = {isa = PBXFileReference; lastKnownFileType = file.storyboard; name = Base; path = Base.lproj/LaunchScreen.storyboard; sourceTree = "<group>"; };
		838B3732218B5ECE007415D6 /* Info.plist */ = {isa = PBXFileReference; lastKnownFileType = text.plist.xml; path = Info.plist; sourceTree = "<group>"; };
		838B3737218B5ECE007415D6 /* SliderTests.xctest */ = {isa = PBXFileReference; explicitFileType = wrapper.cfbundle; includeInIndex = 0; path = SliderTests.xctest; sourceTree = BUILT_PRODUCTS_DIR; };
		838B373B218B5ECE007415D6 /* SliderTests.swift */ = {isa = PBXFileReference; lastKnownFileType = sourcecode.swift; path = SliderTests.swift; sourceTree = "<group>"; };
		838B373D218B5ECE007415D6 /* Info.plist */ = {isa = PBXFileReference; lastKnownFileType = text.plist.xml; path = Info.plist; sourceTree = "<group>"; };
		838B3742218B5ECE007415D6 /* SliderUITests.xctest */ = {isa = PBXFileReference; explicitFileType = wrapper.cfbundle; includeInIndex = 0; path = SliderUITests.xctest; sourceTree = BUILT_PRODUCTS_DIR; };
		838B3746218B5ECE007415D6 /* SliderUITests.swift */ = {isa = PBXFileReference; lastKnownFileType = sourcecode.swift; path = SliderUITests.swift; sourceTree = "<group>"; };
		838B3748218B5ECE007415D6 /* Info.plist */ = {isa = PBXFileReference; lastKnownFileType = text.plist.xml; path = Info.plist; sourceTree = "<group>"; };
/* End PBXFileReference section */

/* Begin PBXFrameworksBuildPhase section */
		838B3720218B5ECD007415D6 /* Frameworks */ = {
			isa = PBXFrameworksBuildPhase;
			buildActionMask = 2147483647;
			files = (
			);
			runOnlyForDeploymentPostprocessing = 0;
		};
		838B3734218B5ECE007415D6 /* Frameworks */ = {
			isa = PBXFrameworksBuildPhase;
			buildActionMask = 2147483647;
			files = (
			);
			runOnlyForDeploymentPostprocessing = 0;
		};
		838B373F218B5ECE007415D6 /* Frameworks */ = {
			isa = PBXFrameworksBuildPhase;
			buildActionMask = 2147483647;
			files = (
			);
			runOnlyForDeploymentPostprocessing = 0;
		};
/* End PBXFrameworksBuildPhase section */

/* Begin PBXGroup section */
		838B371A218B5ECD007415D6 = {
			isa = PBXGroup;
			children = (
				838B3725218B5ECD007415D6 /* Slider */,
				838B373A218B5ECE007415D6 /* SliderTests */,
				838B3745218B5ECE007415D6 /* SliderUITests */,
				838B3724218B5ECD007415D6 /* Products */,
			);
			sourceTree = "<group>";
		};
		838B3724218B5ECD007415D6 /* Products */ = {
			isa = PBXGroup;
			children = (
				838B3723218B5ECD007415D6 /* Slider.app */,
				838B3737218B5ECE007415D6 /* SliderTests.xctest */,
				838B3742218B5ECE007415D6 /* SliderUITests.xctest */,
			);
			name = Products;
			sourceTree = "<group>";
		};
		838B3725218B5ECD007415D6 /* Slider */ = {
			isa = PBXGroup;
			children = (
				838B3726218B5ECD007415D6 /* AppDelegate.swift */,
				838B3728218B5ECD007415D6 /* ViewController.swift */,
				838B372A218B5ECD007415D6 /* Main.storyboard */,
				838B372D218B5ECE007415D6 /* Assets.xcassets */,
				838B372F218B5ECE007415D6 /* LaunchScreen.storyboard */,
				838B3732218B5ECE007415D6 /* Info.plist */,
			);
			path = Slider;
			sourceTree = "<group>";
		};
		838B373A218B5ECE007415D6 /* SliderTests */ = {
			isa = PBXGroup;
			children = (
				838B373B218B5ECE007415D6 /* SliderTests.swift */,
				838B373D218B5ECE007415D6 /* Info.plist */,
			);
			path = SliderTests;
			sourceTree = "<group>";
		};
		838B3745218B5ECE007415D6 /* SliderUITests */ = {
			isa = PBXGroup;
			children = (
				838B3746218B5ECE007415D6 /* SliderUITests.swift */,
				838B3748218B5ECE007415D6 /* Info.plist */,
			);
			path = SliderUITests;
			sourceTree = "<group>";
		};
/* End PBXGroup section */

/* Begin PBXNativeTarget section */
		838B3722218B5ECD007415D6 /* Slider */ = {
			isa = PBXNativeTarget;
			buildConfigurationList = 838B374B218B5ECE007415D6 /* Build configuration list for PBXNativeTarget "Slider" */;
			buildPhases = (
				838B371F218B5ECD007415D6 /* Sources */,
				838B3720218B5ECD007415D6 /* Frameworks */,
				838B3721218B5ECD007415D6 /* Resources */,
			);
			buildRules = (
			);
			dependencies = (
			);
			name = Slider;
			productName = Slider;
			productReference = 838B3723218B5ECD007415D6 /* Slider.app */;
			productType = "com.apple.product-type.application";
		};
		838B3736218B5ECE007415D6 /* SliderTests */ = {
			isa = PBXNativeTarget;
			buildConfigurationList = 838B374E218B5ECE007415D6 /* Build configuration list for PBXNativeTarget "SliderTests" */;
			buildPhases = (
				838B3733218B5ECE007415D6 /* Sources */,
				838B3734218B5ECE007415D6 /* Frameworks */,
				838B3735218B5ECE007415D6 /* Resources */,
			);
			buildRules = (
			);
			dependencies = (
				838B3739218B5ECE007415D6 /* PBXTargetDependency */,
			);
			name = SliderTests;
			productName = SliderTests;
			productReference = 838B3737218B5ECE007415D6 /* SliderTests.xctest */;
			productType = "com.apple.product-type.bundle.unit-test";
		};
		838B3741218B5ECE007415D6 /* SliderUITests */ = {
			isa = PBXNativeTarget;
			buildConfigurationList = 838B3751218B5ECE007415D6 /* Build configuration list for PBXNativeTarget "SliderUITests" */;
			buildPhases = (
				838B373E218B5ECE007415D6 /* Sources */,
				838B373F218B5ECE007415D6 /* Frameworks */,
				838B3740218B5ECE007415D6 /* Resources */,
			);
			buildRules = (
			);
			dependencies = (
				838B3744218B5ECE007415D6 /* PBXTargetDependency */,
			);
			name = SliderUITests;
			productName = SliderUITests;
			productReference = 838B3742218B5ECE007415D6 /* SliderUITests.xctest */;
			productType = "com.apple.product-type.bundle.ui-testing";
		};
/* End PBXNativeTarget section */

/* Begin PBXProject section */
		838B371B218B5ECD007415D6 /* Project object */ = {
			isa = PBXProject;
			attributes = {
				LastSwiftUpdateCheck = 1010;
				LastUpgradeCheck = 1010;
				ORGANIZATIONNAME = "Chris Chadillon";
				TargetAttributes = {
					838B3722218B5ECD007415D6 = {
						CreatedOnToolsVersion = 10.1;
					};
					838B3736218B5ECE007415D6 = {
						CreatedOnToolsVersion = 10.1;
						TestTargetID = 838B3722218B5ECD007415D6;
					};
					838B3741218B5ECE007415D6 = {
						CreatedOnToolsVersion = 10.1;
						TestTargetID = 838B3722218B5ECD007415D6;
					};
				};
			};
			buildConfigurationList = 838B371E218B5ECD007415D6 /* Build configuration list for PBXProject "Slider" */;
			compatibilityVersion = "Xcode 9.3";
			developmentRegion = en;
			hasScannedForEncodings = 0;
			knownRegions = (
				en,
				Base,
			);
			mainGroup = 838B371A218B5ECD007415D6;
			productRefGroup = 838B3724218B5ECD007415D6 /* Products */;
			projectDirPath = "";
			projectRoot = "";
			targets = (
				838B3722218B5ECD007415D6 /* Slider */,
				838B3736218B5ECE007415D6 /* SliderTests */,
				838B3741218B5ECE007415D6 /* SliderUITests */,
			);
		};
/* End PBXProject section */

/* Begin PBXResourcesBuildPhase section */
		838B3721218B5ECD007415D6 /* Resources */ = {
			isa = PBXResourcesBuildPhase;
			buildActionMask = 2147483647;
			files = (
				838B3731218B5ECE007415D6 /* LaunchScreen.storyboard in Resources */,
				838B372E218B5ECE007415D6 /* Assets.xcassets in Resources */,
				838B372C218B5ECD007415D6 /* Main.storyboard in Resources */,
			);
			runOnlyForDeploymentPostprocessing = 0;
		};
		838B3735218B5ECE007415D6 /* Resources */ = {
			isa = PBXResourcesBuildPhase;
			buildActionMask = 2147483647;
			files = (
			);
			runOnlyForDeploymentPostprocessing = 0;
		};
		838B3740218B5ECE007415D6 /* Resources */ = {
			isa = PBXResourcesBuildPhase;
			buildActionMask = 2147483647;
			files = (
			);
			runOnlyForDeploymentPostprocessing = 0;
		};
/* End PBXResourcesBuildPhase section */

/* Begin PBXSourcesBuildPhase section */
		838B371F218B5ECD007415D6 /* Sources */ = {
			isa = PBXSourcesBuildPhase;
			buildActionMask = 2147483647;
			files = (
				838B3729218B5ECD007415D6 /* ViewController.swift in Sources */,
				838B3727218B5ECD007415D6 /* AppDelegate.swift in Sources */,
			);
			runOnlyForDeploymentPostprocessing = 0;
		};
		838B3733218B5ECE007415D6 /* Sources */ = {
			isa = PBXSourcesBuildPhase;
			buildActionMask = 2147483647;
			files = (
				838B373C218B5ECE007415D6 /* SliderTests.swift in Sources */,
			);
			runOnlyForDeploymentPostprocessing = 0;
		};
		838B373E218B5ECE007415D6 /* Sources */ = {
			isa = PBXSourcesBuildPhase;
			buildActionMask = 2147483647;
			files = (
				838B3747218B5ECE007415D6 /* SliderUITests.swift in Sources */,
			);
			runOnlyForDeploymentPostprocessing = 0;
		};
/* End PBXSourcesBuildPhase section */

/* Begin PBXTargetDependency section */
		838B3739218B5ECE007415D6 /* PBXTargetDependency */ = {
			isa = PBXTargetDependency;
			target = 838B3722218B5ECD007415D6 /* Slider */;
			targetProxy = 838B3738218B5ECE007415D6 /* PBXContainerItemProxy */;
		};
		838B3744218B5ECE007415D6 /* PBXTargetDependency */ = {
			isa = PBXTargetDependency;
			target = 838B3722218B5ECD007415D6 /* Slider */;
			targetProxy = 838B3743218B5ECE007415D6 /* PBXContainerItemProxy */;
		};
/* End PBXTargetDependency section */

/* Begin PBXVariantGroup section */
		838B372A218B5ECD007415D6 /* Main.storyboard */ = {
			isa = PBXVariantGroup;
			children = (
				838B372B218B5ECD007415D6 /* Base */,
			);
			name = Main.storyboard;
			sourceTree = "<group>";
		};
		838B372F218B5ECE007415D6 /* LaunchScreen.storyboard */ = {
			isa = PBXVariantGroup;
			children = (
				838B3730218B5ECE007415D6 /* Base */,
			);
			name = LaunchScreen.storyboard;
			sourceTree = "<group>";
		};
/* End PBXVariantGroup section */

/* Begin XCBuildConfiguration section */
		838B3749218B5ECE007415D6 /* Debug */ = {
			isa = XCBuildConfiguration;
			buildSettings = {
				ALWAYS_SEARCH_USER_PATHS = NO;
				CLANG_ANALYZER_NONNULL = YES;
				CLANG_ANALYZER_NUMBER_OBJECT_CONVERSION = YES_AGGRESSIVE;
				CLANG_CXX_LANGUAGE_STANDARD = "gnu++14";
				CLANG_CXX_LIBRARY = "libc++";
				CLANG_ENABLE_MODULES = YES;
				CLANG_ENABLE_OBJC_ARC = YES;
				CLANG_ENABLE_OBJC_WEAK = YES;
				CLANG_WARN_BLOCK_CAPTURE_AUTORELEASING = YES;
				CLANG_WARN_BOOL_CONVERSION = YES;
				CLANG_WARN_COMMA = YES;
				CLANG_WARN_CONSTANT_CONVERSION = YES;
				CLANG_WARN_DEPRECATED_OBJC_IMPLEMENTATIONS = YES;
				CLANG_WARN_DIRECT_OBJC_ISA_USAGE = YES_ERROR;
				CLANG_WARN_DOCUMENTATION_COMMENTS = YES;
				CLANG_WARN_EMPTY_BODY = YES;
				CLANG_WARN_ENUM_CONVERSION = YES;
				CLANG_WARN_INFINITE_RECURSION = YES;
				CLANG_WARN_INT_CONVERSION = YES;
				CLANG_WARN_NON_LITERAL_NULL_CONVERSION = YES;
				CLANG_WARN_OBJC_IMPLICIT_RETAIN_SELF = YES;
				CLANG_WARN_OBJC_LITERAL_CONVERSION = YES;
				CLANG_WARN_OBJC_ROOT_CLASS = YES_ERROR;
				CLANG_WARN_RANGE_LOOP_ANALYSIS = YES;
				CLANG_WARN_STRICT_PROTOTYPES = YES;
				CLANG_WARN_SUSPICIOUS_MOVE = YES;
				CLANG_WARN_UNGUARDED_AVAILABILITY = YES_AGGRESSIVE;
				CLANG_WARN_UNREACHABLE_CODE = YES;
				CLANG_WARN__DUPLICATE_METHOD_MATCH = YES;
				CODE_SIGN_IDENTITY = "iPhone Developer";
				COPY_PHASE_STRIP = NO;
				DEBUG_INFORMATION_FORMAT = dwarf;
				ENABLE_STRICT_OBJC_MSGSEND = YES;
				ENABLE_TESTABILITY = YES;
				GCC_C_LANGUAGE_STANDARD = gnu11;
				GCC_DYNAMIC_NO_PIC = NO;
				GCC_NO_COMMON_BLOCKS = YES;
				GCC_OPTIMIZATION_LEVEL = 0;
				GCC_PREPROCESSOR_DEFINITIONS = (
					"DEBUG=1",
					"$(inherited)",
				);
				GCC_WARN_64_TO_32_BIT_CONVERSION = YES;
				GCC_WARN_ABOUT_RETURN_TYPE = YES_ERROR;
				GCC_WARN_UNDECLARED_SELECTOR = YES;
				GCC_WARN_UNINITIALIZED_AUTOS = YES_AGGRESSIVE;
				GCC_WARN_UNUSED_FUNCTION = YES;
				GCC_WARN_UNUSED_VARIABLE = YES;
				IPHONEOS_DEPLOYMENT_TARGET = 12.1;
				MTL_ENABLE_DEBUG_INFO = INCLUDE_SOURCE;
				MTL_FAST_MATH = YES;
				ONLY_ACTIVE_ARCH = YES;
				SDKROOT = iphoneos;
				SWIFT_ACTIVE_COMPILATION_CONDITIONS = DEBUG;
				SWIFT_OPTIMIZATION_LEVEL = "-Onone";
			};
			name = Debug;
		};
		838B374A218B5ECE007415D6 /* Release */ = {
			isa = XCBuildConfiguration;
			buildSettings = {
				ALWAYS_SEARCH_USER_PATHS = NO;
				CLANG_ANALYZER_NONNULL = YES;
				CLANG_ANALYZER_NUMBER_OBJECT_CONVERSION = YES_AGGRESSIVE;
				CLANG_CXX_LANGUAGE_STANDARD = "gnu++14";
				CLANG_CXX_LIBRARY = "libc++";
				CLANG_ENABLE_MODULES = YES;
				CLANG_ENABLE_OBJC_ARC = YES;
				CLANG_ENABLE_OBJC_WEAK = YES;
				CLANG_WARN_BLOCK_CAPTURE_AUTORELEASING = YES;
				CLANG_WARN_BOOL_CONVERSION = YES;
				CLANG_WARN_COMMA = YES;
				CLANG_WARN_CONSTANT_CONVERSION = YES;
				CLANG_WARN_DEPRECATED_OBJC_IMPLEMENTATIONS = YES;
				CLANG_WARN_DIRECT_OBJC_ISA_USAGE = YES_ERROR;
				CLANG_WARN_DOCUMENTATION_COMMENTS = YES;
				CLANG_WARN_EMPTY_BODY = YES;
				CLANG_WARN_ENUM_CONVERSION = YES;
				CLANG_WARN_INFINITE_RECURSION = YES;
				CLANG_WARN_INT_CONVERSION = YES;
				CLANG_WARN_NON_LITERAL_NULL_CONVERSION = YES;
				CLANG_WARN_OBJC_IMPLICIT_RETAIN_SELF = YES;
				CLANG_WARN_OBJC_LITERAL_CONVERSION = YES;
				CLANG_WARN_OBJC_ROOT_CLASS = YES_ERROR;
				CLANG_WARN_RANGE_LOOP_ANALYSIS = YES;
				CLANG_WARN_STRICT_PROTOTYPES = YES;
				CLANG_WARN_SUSPICIOUS_MOVE = YES;
				CLANG_WARN_UNGUARDED_AVAILABILITY = YES_AGGRESSIVE;
				CLANG_WARN_UNREACHABLE_CODE = YES;
				CLANG_WARN__DUPLICATE_METHOD_MATCH = YES;
				CODE_SIGN_IDENTITY = "iPhone Developer";
				COPY_PHASE_STRIP = NO;
				DEBUG_INFORMATION_FORMAT = "dwarf-with-dsym";
				ENABLE_NS_ASSERTIONS = NO;
				ENABLE_STRICT_OBJC_MSGSEND = YES;
				GCC_C_LANGUAGE_STANDARD = gnu11;
				GCC_NO_COMMON_BLOCKS = YES;
				GCC_WARN_64_TO_32_BIT_CONVERSION = YES;
				GCC_WARN_ABOUT_RETURN_TYPE = YES_ERROR;
				GCC_WARN_UNDECLARED_SELECTOR = YES;
				GCC_WARN_UNINITIALIZED_AUTOS = YES_AGGRESSIVE;
				GCC_WARN_UNUSED_FUNCTION = YES;
				GCC_WARN_UNUSED_VARIABLE = YES;
				IPHONEOS_DEPLOYMENT_TARGET = 12.1;
				MTL_ENABLE_DEBUG_INFO = NO;
				MTL_FAST_MATH = YES;
				SDKROOT = iphoneos;
				SWIFT_COMPILATION_MODE = wholemodule;
				SWIFT_OPTIMIZATION_LEVEL = "-O";
				VALIDATE_PRODUCT = YES;
			};
			name = Release;
		};
		838B374C218B5ECE007415D6 /* Debug */ = {
			isa = XCBuildConfiguration;
			buildSettings = {
				ASSETCATALOG_COMPILER_APPICON_NAME = AppIcon;
				CODE_SIGN_STYLE = Automatic;
				DEVELOPMENT_TEAM = QYHALUU72H;
				INFOPLIST_FILE = Slider/Info.plist;
				LD_RUNPATH_SEARCH_PATHS = (
					"$(inherited)",
					"@executable_path/Frameworks",
				);
				PRODUCT_BUNDLE_IDENTIFIER = "com.apps-etc.Slider";
				PRODUCT_NAME = "$(TARGET_NAME)";
				SWIFT_VERSION = 4.2;
				TARGETED_DEVICE_FAMILY = "1,2";
			};
			name = Debug;
		};
		838B374D218B5ECE007415D6 /* Release */ = {
			isa = XCBuildConfiguration;
			buildSettings = {
				ASSETCATALOG_COMPILER_APPICON_NAME = AppIcon;
				CODE_SIGN_STYLE = Automatic;
				DEVELOPMENT_TEAM = QYHALUU72H;
				INFOPLIST_FILE = Slider/Info.plist;
				LD_RUNPATH_SEARCH_PATHS = (
					"$(inherited)",
					"@executable_path/Frameworks",
				);
				PRODUCT_BUNDLE_IDENTIFIER = "com.apps-etc.Slider";
				PRODUCT_NAME = "$(TARGET_NAME)";
				SWIFT_VERSION = 4.2;
				TARGETED_DEVICE_FAMILY = "1,2";
			};
			name = Release;
		};
		838B374F218B5ECE007415D6 /* Debug */ = {
			isa = XCBuildConfiguration;
			buildSettings = {
				ALWAYS_EMBED_SWIFT_STANDARD_LIBRARIES = YES;
				BUNDLE_LOADER = "$(TEST_HOST)";
				CODE_SIGN_STYLE = Automatic;
				DEVELOPMENT_TEAM = QYHALUU72H;
				INFOPLIST_FILE = SliderTests/Info.plist;
				LD_RUNPATH_SEARCH_PATHS = (
					"$(inherited)",
					"@executable_path/Frameworks",
					"@loader_path/Frameworks",
				);
				PRODUCT_BUNDLE_IDENTIFIER = "com.apps-etc.SliderTests";
				PRODUCT_NAME = "$(TARGET_NAME)";
				SWIFT_VERSION = 4.2;
				TARGETED_DEVICE_FAMILY = "1,2";
				TEST_HOST = "$(BUILT_PRODUCTS_DIR)/Slider.app/Slider";
			};
			name = Debug;
		};
		838B3750218B5ECE007415D6 /* Release */ = {
			isa = XCBuildConfiguration;
			buildSettings = {
				ALWAYS_EMBED_SWIFT_STANDARD_LIBRARIES = YES;
				BUNDLE_LOADER = "$(TEST_HOST)";
				CODE_SIGN_STYLE = Automatic;
				DEVELOPMENT_TEAM = QYHALUU72H;
				INFOPLIST_FILE = SliderTests/Info.plist;
				LD_RUNPATH_SEARCH_PATHS = (
					"$(inherited)",
					"@executable_path/Frameworks",
					"@loader_path/Frameworks",
				);
				PRODUCT_BUNDLE_IDENTIFIER = "com.apps-etc.SliderTests";
				PRODUCT_NAME = "$(TARGET_NAME)";
				SWIFT_VERSION = 4.2;
				TARGETED_DEVICE_FAMILY = "1,2";
				TEST_HOST = "$(BUILT_PRODUCTS_DIR)/Slider.app/Slider";
			};
			name = Release;
		};
		838B3752218B5ECE007415D6 /* Debug */ = {
			isa = XCBuildConfiguration;
			buildSettings = {
				ALWAYS_EMBED_SWIFT_STANDARD_LIBRARIES = YES;
				CODE_SIGN_STYLE = Automatic;
				DEVELOPMENT_TEAM = QYHALUU72H;
				INFOPLIST_FILE = SliderUITests/Info.plist;
				LD_RUNPATH_SEARCH_PATHS = (
					"$(inherited)",
					"@executable_path/Frameworks",
					"@loader_path/Frameworks",
				);
				PRODUCT_BUNDLE_IDENTIFIER = "com.apps-etc.SliderUITests";
				PRODUCT_NAME = "$(TARGET_NAME)";
				SWIFT_VERSION = 4.2;
				TARGETED_DEVICE_FAMILY = "1,2";
				TEST_TARGET_NAME = Slider;
			};
			name = Debug;
		};
		838B3753218B5ECE007415D6 /* Release */ = {
			isa = XCBuildConfiguration;
			buildSettings = {
				ALWAYS_EMBED_SWIFT_STANDARD_LIBRARIES = YES;
				CODE_SIGN_STYLE = Automatic;
				DEVELOPMENT_TEAM = QYHALUU72H;
				INFOPLIST_FILE = SliderUITests/Info.plist;
				LD_RUNPATH_SEARCH_PATHS = (
					"$(inherited)",
					"@executable_path/Frameworks",
					"@loader_path/Frameworks",
				);
				PRODUCT_BUNDLE_IDENTIFIER = "com.apps-etc.SliderUITests";
				PRODUCT_NAME = "$(TARGET_NAME)";
				SWIFT_VERSION = 4.2;
				TARGETED_DEVICE_FAMILY = "1,2";
				TEST_TARGET_NAME = Slider;
			};
			name = Release;
		};
/* End XCBuildConfiguration section */

/* Begin XCConfigurationList section */
		838B371E218B5ECD007415D6 /* Build configuration list for PBXProject "Slider" */ = {
			isa = XCConfigurationList;
			buildConfigurations = (
				838B3749218B5ECE007415D6 /* Debug */,
				838B374A218B5ECE007415D6 /* Release */,
			);
			defaultConfigurationIsVisible = 0;
			defaultConfigurationName = Release;
		};
		838B374B218B5ECE007415D6 /* Build configuration list for PBXNativeTarget "Slider" */ = {
			isa = XCConfigurationList;
			buildConfigurations = (
				838B374C218B5ECE007415D6 /* Debug */,
				838B374D218B5ECE007415D6 /* Release */,
			);
			defaultConfigurationIsVisible = 0;
			defaultConfigurationName = Release;
		};
		838B374E218B5ECE007415D6 /* Build configuration list for PBXNativeTarget "SliderTests" */ = {
			isa = XCConfigurationList;
			buildConfigurations = (
				838B374F218B5ECE007415D6 /* Debug */,
				838B3750218B5ECE007415D6 /* Release */,
			);
			defaultConfigurationIsVisible = 0;
			defaultConfigurationName = Release;
		};
		838B3751218B5ECE007415D6 /* Build configuration list for PBXNativeTarget "SliderUITests" */ = {
			isa = XCConfigurationList;
			buildConfigurations = (
				838B3752218B5ECE007415D6 /* Debug */,
				838B3753218B5ECE007415D6 /* Release */,
			);
			defaultConfigurationIsVisible = 0;
			defaultConfigurationName = Release;
		};
/* End XCConfigurationList section */
	};
	rootObject = 838B371B218B5ECD007415D6 /* Project object */;
}
